// !$*UTF8*$!
{
	archiveVersion = 1;
	classes = {
	};
	objectVersion = 51;
	objects = {

/* Begin PBXBuildFile section */
		1738F0CC05EF07AD6D67B709 /* Pods_RxTodo_RxTodoTests.framework in Frameworks */ = {isa = PBXBuildFile; fileRef = 3D9207B720619D644D8D1AF5 /* Pods_RxTodo_RxTodoTests.framework */; };
		9510EC5B4E61FFDA3BDB30FD /* Pods_RxTodo.framework in Frameworks */ = {isa = PBXBuildFile; fileRef = FB28E7A97F6FF1A08FE8008A /* Pods_RxTodo.framework */; };
		AACCADD6264FB9C3005C9FBC /* AppDelegate.swift in Sources */ = {isa = PBXBuildFile; fileRef = AACCADD5264FB9C3005C9FBC /* AppDelegate.swift */; };
		AACCADDA264FB9C3005C9FBC /* ViewController.swift in Sources */ = {isa = PBXBuildFile; fileRef = AACCADD9264FB9C3005C9FBC /* ViewController.swift */; };
		AACCADDF264FB9C4005C9FBC /* Assets.xcassets in Resources */ = {isa = PBXBuildFile; fileRef = AACCADDE264FB9C4005C9FBC /* Assets.xcassets */; };
		AACCADE2264FB9C4005C9FBC /* LaunchScreen.storyboard in Resources */ = {isa = PBXBuildFile; fileRef = AACCADE0264FB9C4005C9FBC /* LaunchScreen.storyboard */; };
		AACCAE17264FBD28005C9FBC /* main.swift in Sources */ = {isa = PBXBuildFile; fileRef = AACCAE16264FBD28005C9FBC /* main.swift */; };
		AACCAE26264FBFE7005C9FBC /* MockError.swift in Sources */ = {isa = PBXBuildFile; fileRef = AACCAE25264FBFE7005C9FBC /* MockError.swift */; };
/* End PBXBuildFile section */

/* Begin PBXContainerItemProxy section */
		AACCAE0A264FBC3B005C9FBC /* PBXContainerItemProxy */ = {
			isa = PBXContainerItemProxy;
			containerPortal = AACCADCA264FB9C3005C9FBC /* Project object */;
			proxyType = 1;
			remoteGlobalIDString = AACCADD1264FB9C3005C9FBC;
			remoteInfo = RxTodo;
		};
/* End PBXContainerItemProxy section */

/* Begin PBXFileReference section */
		16E928EF7285D98B01A4251F /* Pods-RxTodo-RxTodoTests.debug.xcconfig */ = {isa = PBXFileReference; includeInIndex = 1; lastKnownFileType = text.xcconfig; name = "Pods-RxTodo-RxTodoTests.debug.xcconfig"; path = "Target Support Files/Pods-RxTodo-RxTodoTests/Pods-RxTodo-RxTodoTests.debug.xcconfig"; sourceTree = "<group>"; };
		3D9207B720619D644D8D1AF5 /* Pods_RxTodo_RxTodoTests.framework */ = {isa = PBXFileReference; explicitFileType = wrapper.framework; includeInIndex = 0; path = Pods_RxTodo_RxTodoTests.framework; sourceTree = BUILT_PRODUCTS_DIR; };
		4F7BFD31A64373A7A23FBDD6 /* Pods-RxTodo.debug.xcconfig */ = {isa = PBXFileReference; includeInIndex = 1; lastKnownFileType = text.xcconfig; name = "Pods-RxTodo.debug.xcconfig"; path = "Target Support Files/Pods-RxTodo/Pods-RxTodo.debug.xcconfig"; sourceTree = "<group>"; };
		A7D45E5DB34DFC10357E72CE /* Pods-RxTodo-RxTodoTests.release.xcconfig */ = {isa = PBXFileReference; includeInIndex = 1; lastKnownFileType = text.xcconfig; name = "Pods-RxTodo-RxTodoTests.release.xcconfig"; path = "Target Support Files/Pods-RxTodo-RxTodoTests/Pods-RxTodo-RxTodoTests.release.xcconfig"; sourceTree = "<group>"; };
		AACCADD2264FB9C3005C9FBC /* RxTodo.app */ = {isa = PBXFileReference; explicitFileType = wrapper.application; includeInIndex = 0; path = RxTodo.app; sourceTree = BUILT_PRODUCTS_DIR; };
		AACCADD5264FB9C3005C9FBC /* AppDelegate.swift */ = {isa = PBXFileReference; lastKnownFileType = sourcecode.swift; path = AppDelegate.swift; sourceTree = "<group>"; };
		AACCADD9264FB9C3005C9FBC /* ViewController.swift */ = {isa = PBXFileReference; lastKnownFileType = sourcecode.swift; path = ViewController.swift; sourceTree = "<group>"; };
		AACCADDE264FB9C4005C9FBC /* Assets.xcassets */ = {isa = PBXFileReference; lastKnownFileType = folder.assetcatalog; path = Assets.xcassets; sourceTree = "<group>"; };
		AACCADE1264FB9C4005C9FBC /* Base */ = {isa = PBXFileReference; lastKnownFileType = file.storyboard; name = Base; path = Base.lproj/LaunchScreen.storyboard; sourceTree = "<group>"; };
		AACCADE3264FB9C4005C9FBC /* Info.plist */ = {isa = PBXFileReference; lastKnownFileType = text.plist.xml; path = Info.plist; sourceTree = "<group>"; };
		AACCAE05264FBC3B005C9FBC /* RxTodoTests.xctest */ = {isa = PBXFileReference; explicitFileType = wrapper.cfbundle; includeInIndex = 0; path = RxTodoTests.xctest; sourceTree = BUILT_PRODUCTS_DIR; };
		AACCAE09264FBC3B005C9FBC /* Info.plist */ = {isa = PBXFileReference; lastKnownFileType = text.plist.xml; path = Info.plist; sourceTree = "<group>"; };
		AACCAE16264FBD28005C9FBC /* main.swift */ = {isa = PBXFileReference; lastKnownFileType = sourcecode.swift; path = main.swift; sourceTree = "<group>"; };
		AACCAE25264FBFE7005C9FBC /* MockError.swift */ = {isa = PBXFileReference; lastKnownFileType = sourcecode.swift; path = MockError.swift; sourceTree = "<group>"; };
		C1C33FB4623A3D345CCD575C /* Pods-RxTodo.release.xcconfig */ = {isa = PBXFileReference; includeInIndex = 1; lastKnownFileType = text.xcconfig; name = "Pods-RxTodo.release.xcconfig"; path = "Target Support Files/Pods-RxTodo/Pods-RxTodo.release.xcconfig"; sourceTree = "<group>"; };
		FB28E7A97F6FF1A08FE8008A /* Pods_RxTodo.framework */ = {isa = PBXFileReference; explicitFileType = wrapper.framework; includeInIndex = 0; path = Pods_RxTodo.framework; sourceTree = BUILT_PRODUCTS_DIR; };
/* End PBXFileReference section */

/* Begin PBXFrameworksBuildPhase section */
		AACCADCF264FB9C3005C9FBC /* Frameworks */ = {
			isa = PBXFrameworksBuildPhase;
			buildActionMask = 2147483647;
			files = (
				9510EC5B4E61FFDA3BDB30FD /* Pods_RxTodo.framework in Frameworks */,
			);
			runOnlyForDeploymentPostprocessing = 0;
		};
		AACCAE02264FBC3B005C9FBC /* Frameworks */ = {
			isa = PBXFrameworksBuildPhase;
			buildActionMask = 2147483647;
			files = (
				1738F0CC05EF07AD6D67B709 /* Pods_RxTodo_RxTodoTests.framework in Frameworks */,
			);
			runOnlyForDeploymentPostprocessing = 0;
		};
/* End PBXFrameworksBuildPhase section */

/* Begin PBXGroup section */
		2E6C0824510CC65B0E059A44 /* Frameworks */ = {
			isa = PBXGroup;
			children = (
				FB28E7A97F6FF1A08FE8008A /* Pods_RxTodo.framework */,
				3D9207B720619D644D8D1AF5 /* Pods_RxTodo_RxTodoTests.framework */,
			);
			name = Frameworks;
			sourceTree = "<group>";
		};
		5070EA3DB13FA0A751DF4026 /* Pods */ = {
			isa = PBXGroup;
			children = (
				4F7BFD31A64373A7A23FBDD6 /* Pods-RxTodo.debug.xcconfig */,
				C1C33FB4623A3D345CCD575C /* Pods-RxTodo.release.xcconfig */,
				16E928EF7285D98B01A4251F /* Pods-RxTodo-RxTodoTests.debug.xcconfig */,
				A7D45E5DB34DFC10357E72CE /* Pods-RxTodo-RxTodoTests.release.xcconfig */,
			);
			path = Pods;
			sourceTree = "<group>";
		};
		AACCADC9264FB9C3005C9FBC = {
			isa = PBXGroup;
			children = (
				AACCADD4264FB9C3005C9FBC /* RxTodo */,
				AACCAE06264FBC3B005C9FBC /* RxTodoTests */,
				AACCADD3264FB9C3005C9FBC /* Products */,
				5070EA3DB13FA0A751DF4026 /* Pods */,
				2E6C0824510CC65B0E059A44 /* Frameworks */,
			);
			sourceTree = "<group>";
		};
		AACCADD3264FB9C3005C9FBC /* Products */ = {
			isa = PBXGroup;
			children = (
				AACCADD2264FB9C3005C9FBC /* RxTodo.app */,
				AACCAE05264FBC3B005C9FBC /* RxTodoTests.xctest */,
			);
			name = Products;
			sourceTree = "<group>";
		};
		AACCADD4264FB9C3005C9FBC /* RxTodo */ = {
			isa = PBXGroup;
			children = (
				AACCAE13264FBCD2005C9FBC /* Sources */,
				AACCAE14264FBCD8005C9FBC /* Support */,
				AACCAE15264FBCE2005C9FBC /* Resources */,
			);
			path = RxTodo;
			sourceTree = "<group>";
		};
		AACCAE06264FBC3B005C9FBC /* RxTodoTests */ = {
			isa = PBXGroup;
			children = (
				AACCAE22264FBFB5005C9FBC /* SupportingFiles */,
				AACCAE1C264FBF87005C9FBC /* Sources */,
			);
			path = RxTodoTests;
			sourceTree = "<group>";
		};
		AACCAE13264FBCD2005C9FBC /* Sources */ = {
			isa = PBXGroup;
			children = (
				AACCADD5264FB9C3005C9FBC /* AppDelegate.swift */,
				AACCADD9264FB9C3005C9FBC /* ViewController.swift */,
				AACCAE16264FBD28005C9FBC /* main.swift */,
			);
			path = Sources;
			sourceTree = "<group>";
		};
		AACCAE14264FBCD8005C9FBC /* Support */ = {
			isa = PBXGroup;
			children = (
				AACCADE3264FB9C4005C9FBC /* Info.plist */,
			);
			path = Support;
			sourceTree = "<group>";
		};
		AACCAE15264FBCE2005C9FBC /* Resources */ = {
			isa = PBXGroup;
			children = (
				AACCADDE264FB9C4005C9FBC /* Assets.xcassets */,
				AACCADE0264FB9C4005C9FBC /* LaunchScreen.storyboard */,
			);
			path = Resources;
			sourceTree = "<group>";
		};
		AACCAE1C264FBF87005C9FBC /* Sources */ = {
			isa = PBXGroup;
			children = (
				AACCAE23264FBFCF005C9FBC /* Mock */,
				AACCAE1D264FBF8F005C9FBC /* Tests */,
			);
			path = Sources;
			sourceTree = "<group>";
		};
		AACCAE1D264FBF8F005C9FBC /* Tests */ = {
			isa = PBXGroup;
			children = (
			);
			path = Tests;
			sourceTree = "<group>";
		};
		AACCAE22264FBFB5005C9FBC /* SupportingFiles */ = {
			isa = PBXGroup;
			children = (
				AACCAE09264FBC3B005C9FBC /* Info.plist */,
			);
			path = SupportingFiles;
			sourceTree = "<group>";
		};
		AACCAE23264FBFCF005C9FBC /* Mock */ = {
			isa = PBXGroup;
			children = (
				AACCAE25264FBFE7005C9FBC /* MockError.swift */,
			);
			path = Mock;
			sourceTree = "<group>";
		};
/* End PBXGroup section */

/* Begin PBXNativeTarget section */
		AACCADD1264FB9C3005C9FBC /* RxTodo */ = {
			isa = PBXNativeTarget;
			buildConfigurationList = AACCADE6264FB9C4005C9FBC /* Build configuration list for PBXNativeTarget "RxTodo" */;
			buildPhases = (
				04AB97A41E79C9E0149DAFEB /* [CP] Check Pods Manifest.lock */,
				AACCADCE264FB9C3005C9FBC /* Sources */,
				AACCADCF264FB9C3005C9FBC /* Frameworks */,
				AACCADD0264FB9C3005C9FBC /* Resources */,
				7B868A2EF495F1DD26F34BAC /* [CP] Embed Pods Frameworks */,
			);
			buildRules = (
			);
			dependencies = (
			);
			name = RxTodo;
			productName = RxTodo;
			productReference = AACCADD2264FB9C3005C9FBC /* RxTodo.app */;
			productType = "com.apple.product-type.application";
		};
		AACCAE04264FBC3B005C9FBC /* RxTodoTests */ = {
			isa = PBXNativeTarget;
			buildConfigurationList = AACCAE0C264FBC3B005C9FBC /* Build configuration list for PBXNativeTarget "RxTodoTests" */;
			buildPhases = (
				F1EC4AF38BAA9035EC493210 /* [CP] Check Pods Manifest.lock */,
				AACCAE01264FBC3B005C9FBC /* Sources */,
				AACCAE02264FBC3B005C9FBC /* Frameworks */,
				AACCAE03264FBC3B005C9FBC /* Resources */,
				D1180108BE56F2E048B01576 /* [CP] Embed Pods Frameworks */,
			);
			buildRules = (
			);
			dependencies = (
				AACCAE0B264FBC3B005C9FBC /* PBXTargetDependency */,
			);
			name = RxTodoTests;
			productName = RxTodoTests;
			productReference = AACCAE05264FBC3B005C9FBC /* RxTodoTests.xctest */;
			productType = "com.apple.product-type.bundle.unit-test";
		};
/* End PBXNativeTarget section */

/* Begin PBXProject section */
		AACCADCA264FB9C3005C9FBC /* Project object */ = {
			isa = PBXProject;
			attributes = {
				LastSwiftUpdateCheck = 1230;
				LastUpgradeCheck = 1230;
				TargetAttributes = {
					AACCADD1264FB9C3005C9FBC = {
						CreatedOnToolsVersion = 12.3;
					};
					AACCAE04264FBC3B005C9FBC = {
						CreatedOnToolsVersion = 12.3;
						LastSwiftMigration = 1230;
						TestTargetID = AACCADD1264FB9C3005C9FBC;
					};
				};
			};
			buildConfigurationList = AACCADCD264FB9C3005C9FBC /* Build configuration list for PBXProject "RxTodo" */;
			compatibilityVersion = "Xcode 9.3";
			developmentRegion = en;
			hasScannedForEncodings = 0;
			knownRegions = (
				en,
				Base,
			);
			mainGroup = AACCADC9264FB9C3005C9FBC;
			productRefGroup = AACCADD3264FB9C3005C9FBC /* Products */;
			projectDirPath = "";
			projectRoot = "";
			targets = (
				AACCADD1264FB9C3005C9FBC /* RxTodo */,
				AACCAE04264FBC3B005C9FBC /* RxTodoTests */,
			);
		};
/* End PBXProject section */

/* Begin PBXResourcesBuildPhase section */
		AACCADD0264FB9C3005C9FBC /* Resources */ = {
			isa = PBXResourcesBuildPhase;
			buildActionMask = 2147483647;
			files = (
				AACCADE2264FB9C4005C9FBC /* LaunchScreen.storyboard in Resources */,
				AACCADDF264FB9C4005C9FBC /* Assets.xcassets in Resources */,
			);
			runOnlyForDeploymentPostprocessing = 0;
		};
		AACCAE03264FBC3B005C9FBC /* Resources */ = {
			isa = PBXResourcesBuildPhase;
			buildActionMask = 2147483647;
			files = (
			);
			runOnlyForDeploymentPostprocessing = 0;
		};
/* End PBXResourcesBuildPhase section */

/* Begin PBXShellScriptBuildPhase section */
		04AB97A41E79C9E0149DAFEB /* [CP] Check Pods Manifest.lock */ = {
			isa = PBXShellScriptBuildPhase;
			buildActionMask = 2147483647;
			files = (
			);
			inputFileListPaths = (
			);
			inputPaths = (
				"${PODS_PODFILE_DIR_PATH}/Podfile.lock",
				"${PODS_ROOT}/Manifest.lock",
			);
			name = "[CP] Check Pods Manifest.lock";
			outputFileListPaths = (
			);
			outputPaths = (
				"$(DERIVED_FILE_DIR)/Pods-RxTodo-checkManifestLockResult.txt",
			);
			runOnlyForDeploymentPostprocessing = 0;
			shellPath = /bin/sh;
			shellScript = "diff \"${PODS_PODFILE_DIR_PATH}/Podfile.lock\" \"${PODS_ROOT}/Manifest.lock\" > /dev/null\nif [ $? != 0 ] ; then\n    # print error to STDERR\n    echo \"error: The sandbox is not in sync with the Podfile.lock. Run 'pod install' or update your CocoaPods installation.\" >&2\n    exit 1\nfi\n# This output is used by Xcode 'outputs' to avoid re-running this script phase.\necho \"SUCCESS\" > \"${SCRIPT_OUTPUT_FILE_0}\"\n";
			showEnvVarsInLog = 0;
		};
		7B868A2EF495F1DD26F34BAC /* [CP] Embed Pods Frameworks */ = {
			isa = PBXShellScriptBuildPhase;
			buildActionMask = 2147483647;
			files = (
			);
			inputFileListPaths = (
				"${PODS_ROOT}/Target Support Files/Pods-RxTodo/Pods-RxTodo-frameworks-${CONFIGURATION}-input-files.xcfilelist",
			);
			name = "[CP] Embed Pods Frameworks";
			outputFileListPaths = (
				"${PODS_ROOT}/Target Support Files/Pods-RxTodo/Pods-RxTodo-frameworks-${CONFIGURATION}-output-files.xcfilelist",
			);
			runOnlyForDeploymentPostprocessing = 0;
			shellPath = /bin/sh;
			shellScript = "\"${PODS_ROOT}/Target Support Files/Pods-RxTodo/Pods-RxTodo-frameworks.sh\"\n";
			showEnvVarsInLog = 0;
		};
		D1180108BE56F2E048B01576 /* [CP] Embed Pods Frameworks */ = {
			isa = PBXShellScriptBuildPhase;
			buildActionMask = 2147483647;
			files = (
			);
			inputFileListPaths = (
				"${PODS_ROOT}/Target Support Files/Pods-RxTodo-RxTodoTests/Pods-RxTodo-RxTodoTests-frameworks-${CONFIGURATION}-input-files.xcfilelist",
			);
			name = "[CP] Embed Pods Frameworks";
			outputFileListPaths = (
				"${PODS_ROOT}/Target Support Files/Pods-RxTodo-RxTodoTests/Pods-RxTodo-RxTodoTests-frameworks-${CONFIGURATION}-output-files.xcfilelist",
			);
			runOnlyForDeploymentPostprocessing = 0;
			shellPath = /bin/sh;
			shellScript = "\"${PODS_ROOT}/Target Support Files/Pods-RxTodo-RxTodoTests/Pods-RxTodo-RxTodoTests-frameworks.sh\"\n";
			showEnvVarsInLog = 0;
		};
		F1EC4AF38BAA9035EC493210 /* [CP] Check Pods Manifest.lock */ = {
			isa = PBXShellScriptBuildPhase;
			buildActionMask = 2147483647;
			files = (
			);
			inputFileListPaths = (
			);
			inputPaths = (
				"${PODS_PODFILE_DIR_PATH}/Podfile.lock",
				"${PODS_ROOT}/Manifest.lock",
			);
			name = "[CP] Check Pods Manifest.lock";
			outputFileListPaths = (
			);
			outputPaths = (
				"$(DERIVED_FILE_DIR)/Pods-RxTodo-RxTodoTests-checkManifestLockResult.txt",
			);
			runOnlyForDeploymentPostprocessing = 0;
			shellPath = /bin/sh;
			shellScript = "diff \"${PODS_PODFILE_DIR_PATH}/Podfile.lock\" \"${PODS_ROOT}/Manifest.lock\" > /dev/null\nif [ $? != 0 ] ; then\n    # print error to STDERR\n    echo \"error: The sandbox is not in sync with the Podfile.lock. Run 'pod install' or update your CocoaPods installation.\" >&2\n    exit 1\nfi\n# This output is used by Xcode 'outputs' to avoid re-running this script phase.\necho \"SUCCESS\" > \"${SCRIPT_OUTPUT_FILE_0}\"\n";
			showEnvVarsInLog = 0;
		};
/* End PBXShellScriptBuildPhase section */

/* Begin PBXSourcesBuildPhase section */
		AACCADCE264FB9C3005C9FBC /* Sources */ = {
			isa = PBXSourcesBuildPhase;
			buildActionMask = 2147483647;
			files = (
				AACCADDA264FB9C3005C9FBC /* ViewController.swift in Sources */,
				AACCADD6264FB9C3005C9FBC /* AppDelegate.swift in Sources */,
				AACCAE17264FBD28005C9FBC /* main.swift in Sources */,
			);
			runOnlyForDeploymentPostprocessing = 0;
		};
		AACCAE01264FBC3B005C9FBC /* Sources */ = {
			isa = PBXSourcesBuildPhase;
			buildActionMask = 2147483647;
			files = (
				AACCAE26264FBFE7005C9FBC /* MockError.swift in Sources */,
			);
			runOnlyForDeploymentPostprocessing = 0;
		};
/* End PBXSourcesBuildPhase section */

/* Begin PBXTargetDependency section */
		AACCAE0B264FBC3B005C9FBC /* PBXTargetDependency */ = {
			isa = PBXTargetDependency;
			target = AACCADD1264FB9C3005C9FBC /* RxTodo */;
			targetProxy = AACCAE0A264FBC3B005C9FBC /* PBXContainerItemProxy */;
		};
/* End PBXTargetDependency section */

/* Begin PBXVariantGroup section */
		AACCADE0264FB9C4005C9FBC /* LaunchScreen.storyboard */ = {
			isa = PBXVariantGroup;
			children = (
				AACCADE1264FB9C4005C9FBC /* Base */,
			);
			name = LaunchScreen.storyboard;
			sourceTree = "<group>";
		};
/* End PBXVariantGroup section */

/* Begin XCBuildConfiguration section */
		AACCADE4264FB9C4005C9FBC /* Debug */ = {
			isa = XCBuildConfiguration;
			buildSettings = {
				ALWAYS_SEARCH_USER_PATHS = NO;
				CLANG_ANALYZER_NONNULL = YES;
				CLANG_ANALYZER_NUMBER_OBJECT_CONVERSION = YES_AGGRESSIVE;
				CLANG_CXX_LANGUAGE_STANDARD = "gnu++14";
				CLANG_CXX_LIBRARY = "libc++";
				CLANG_ENABLE_MODULES = YES;
				CLANG_ENABLE_OBJC_ARC = YES;
				CLANG_ENABLE_OBJC_WEAK = YES;
				CLANG_WARN_BLOCK_CAPTURE_AUTORELEASING = YES;
				CLANG_WARN_BOOL_CONVERSION = YES;
				CLANG_WARN_COMMA = YES;
				CLANG_WARN_CONSTANT_CONVERSION = YES;
				CLANG_WARN_DEPRECATED_OBJC_IMPLEMENTATIONS = YES;
				CLANG_WARN_DIRECT_OBJC_ISA_USAGE = YES_ERROR;
				CLANG_WARN_DOCUMENTATION_COMMENTS = YES;
				CLANG_WARN_EMPTY_BODY = YES;
				CLANG_WARN_ENUM_CONVERSION = YES;
				CLANG_WARN_INFINITE_RECURSION = YES;
				CLANG_WARN_INT_CONVERSION = YES;
				CLANG_WARN_NON_LITERAL_NULL_CONVERSION = YES;
				CLANG_WARN_OBJC_IMPLICIT_RETAIN_SELF = YES;
				CLANG_WARN_OBJC_LITERAL_CONVERSION = YES;
				CLANG_WARN_OBJC_ROOT_CLASS = YES_ERROR;
				CLANG_WARN_QUOTED_INCLUDE_IN_FRAMEWORK_HEADER = YES;
				CLANG_WARN_RANGE_LOOP_ANALYSIS = YES;
				CLANG_WARN_STRICT_PROTOTYPES = YES;
				CLANG_WARN_SUSPICIOUS_MOVE = YES;
				CLANG_WARN_UNGUARDED_AVAILABILITY = YES_AGGRESSIVE;
				CLANG_WARN_UNREACHABLE_CODE = YES;
				CLANG_WARN__DUPLICATE_METHOD_MATCH = YES;
				COPY_PHASE_STRIP = NO;
				DEBUG_INFORMATION_FORMAT = dwarf;
				ENABLE_STRICT_OBJC_MSGSEND = YES;
				ENABLE_TESTABILITY = YES;
				GCC_C_LANGUAGE_STANDARD = gnu11;
				GCC_DYNAMIC_NO_PIC = NO;
				GCC_NO_COMMON_BLOCKS = YES;
				GCC_OPTIMIZATION_LEVEL = 0;
				GCC_PREPROCESSOR_DEFINITIONS = (
					"DEBUG=1",
					"$(inherited)",
				);
				GCC_WARN_64_TO_32_BIT_CONVERSION = YES;
				GCC_WARN_ABOUT_RETURN_TYPE = YES_ERROR;
				GCC_WARN_UNDECLARED_SELECTOR = YES;
				GCC_WARN_UNINITIALIZED_AUTOS = YES_AGGRESSIVE;
				GCC_WARN_UNUSED_FUNCTION = YES;
				GCC_WARN_UNUSED_VARIABLE = YES;
				IPHONEOS_DEPLOYMENT_TARGET = 14.3;
				MTL_ENABLE_DEBUG_INFO = INCLUDE_SOURCE;
				MTL_FAST_MATH = YES;
				ONLY_ACTIVE_ARCH = YES;
				SDKROOT = iphoneos;
				SWIFT_ACTIVE_COMPILATION_CONDITIONS = DEBUG;
				SWIFT_OPTIMIZATION_LEVEL = "-Onone";
			};
			name = Debug;
		};
		AACCADE5264FB9C4005C9FBC /* Release */ = {
			isa = XCBuildConfiguration;
			buildSettings = {
				ALWAYS_SEARCH_USER_PATHS = NO;
				CLANG_ANALYZER_NONNULL = YES;
				CLANG_ANALYZER_NUMBER_OBJECT_CONVERSION = YES_AGGRESSIVE;
				CLANG_CXX_LANGUAGE_STANDARD = "gnu++14";
				CLANG_CXX_LIBRARY = "libc++";
				CLANG_ENABLE_MODULES = YES;
				CLANG_ENABLE_OBJC_ARC = YES;
				CLANG_ENABLE_OBJC_WEAK = YES;
				CLANG_WARN_BLOCK_CAPTURE_AUTORELEASING = YES;
				CLANG_WARN_BOOL_CONVERSION = YES;
				CLANG_WARN_COMMA = YES;
				CLANG_WARN_CONSTANT_CONVERSION = YES;
				CLANG_WARN_DEPRECATED_OBJC_IMPLEMENTATIONS = YES;
				CLANG_WARN_DIRECT_OBJC_ISA_USAGE = YES_ERROR;
				CLANG_WARN_DOCUMENTATION_COMMENTS = YES;
				CLANG_WARN_EMPTY_BODY = YES;
				CLANG_WARN_ENUM_CONVERSION = YES;
				CLANG_WARN_INFINITE_RECURSION = YES;
				CLANG_WARN_INT_CONVERSION = YES;
				CLANG_WARN_NON_LITERAL_NULL_CONVERSION = YES;
				CLANG_WARN_OBJC_IMPLICIT_RETAIN_SELF = YES;
				CLANG_WARN_OBJC_LITERAL_CONVERSION = YES;
				CLANG_WARN_OBJC_ROOT_CLASS = YES_ERROR;
				CLANG_WARN_QUOTED_INCLUDE_IN_FRAMEWORK_HEADER = YES;
				CLANG_WARN_RANGE_LOOP_ANALYSIS = YES;
				CLANG_WARN_STRICT_PROTOTYPES = YES;
				CLANG_WARN_SUSPICIOUS_MOVE = YES;
				CLANG_WARN_UNGUARDED_AVAILABILITY = YES_AGGRESSIVE;
				CLANG_WARN_UNREACHABLE_CODE = YES;
				CLANG_WARN__DUPLICATE_METHOD_MATCH = YES;
				COPY_PHASE_STRIP = NO;
				DEBUG_INFORMATION_FORMAT = "dwarf-with-dsym";
				ENABLE_NS_ASSERTIONS = NO;
				ENABLE_STRICT_OBJC_MSGSEND = YES;
				GCC_C_LANGUAGE_STANDARD = gnu11;
				GCC_NO_COMMON_BLOCKS = YES;
				GCC_WARN_64_TO_32_BIT_CONVERSION = YES;
				GCC_WARN_ABOUT_RETURN_TYPE = YES_ERROR;
				GCC_WARN_UNDECLARED_SELECTOR = YES;
				GCC_WARN_UNINITIALIZED_AUTOS = YES_AGGRESSIVE;
				GCC_WARN_UNUSED_FUNCTION = YES;
				GCC_WARN_UNUSED_VARIABLE = YES;
				IPHONEOS_DEPLOYMENT_TARGET = 14.3;
				MTL_ENABLE_DEBUG_INFO = NO;
				MTL_FAST_MATH = YES;
				SDKROOT = iphoneos;
				SWIFT_COMPILATION_MODE = wholemodule;
				SWIFT_OPTIMIZATION_LEVEL = "-O";
				VALIDATE_PRODUCT = YES;
			};
			name = Release;
		};
		AACCADE7264FB9C4005C9FBC /* Debug */ = {
			isa = XCBuildConfiguration;
			baseConfigurationReference = 4F7BFD31A64373A7A23FBDD6 /* Pods-RxTodo.debug.xcconfig */;
			buildSettings = {
				ASSETCATALOG_COMPILER_APPICON_NAME = AppIcon;
				ASSETCATALOG_COMPILER_GLOBAL_ACCENT_COLOR_NAME = AccentColor;
				CODE_SIGN_STYLE = Automatic;
				DEVELOPMENT_TEAM = 97C96KP84G;
				INFOPLIST_FILE = RxTodo/Info.plist;
				LD_RUNPATH_SEARCH_PATHS = (
					"$(inherited)",
					"@executable_path/Frameworks",
				);
				PRODUCT_BUNDLE_IDENTIFIER = com.byeonggeun.son.practice.RxTodo;
				PRODUCT_NAME = "$(TARGET_NAME)";
				SWIFT_VERSION = 5.0;
				TARGETED_DEVICE_FAMILY = "1,2";
			};
			name = Debug;
		};
		AACCADE8264FB9C4005C9FBC /* Release */ = {
			isa = XCBuildConfiguration;
			baseConfigurationReference = C1C33FB4623A3D345CCD575C /* Pods-RxTodo.release.xcconfig */;
			buildSettings = {
				ASSETCATALOG_COMPILER_APPICON_NAME = AppIcon;
				ASSETCATALOG_COMPILER_GLOBAL_ACCENT_COLOR_NAME = AccentColor;
				CODE_SIGN_STYLE = Automatic;
				DEVELOPMENT_TEAM = 97C96KP84G;
				INFOPLIST_FILE = RxTodo/Info.plist;
				LD_RUNPATH_SEARCH_PATHS = (
					"$(inherited)",
					"@executable_path/Frameworks",
				);
				PRODUCT_BUNDLE_IDENTIFIER = com.byeonggeun.son.practice.RxTodo;
				PRODUCT_NAME = "$(TARGET_NAME)";
				SWIFT_VERSION = 5.0;
				TARGETED_DEVICE_FAMILY = "1,2";
			};
			name = Release;
		};
		AACCAE0D264FBC3B005C9FBC /* Debug */ = {
			isa = XCBuildConfiguration;
			baseConfigurationReference = 16E928EF7285D98B01A4251F /* Pods-RxTodo-RxTodoTests.debug.xcconfig */;
			buildSettings = {
				BUNDLE_LOADER = "$(TEST_HOST)";
				CLANG_ENABLE_MODULES = YES;
				CODE_SIGN_STYLE = Automatic;
				DEVELOPMENT_TEAM = 97C96KP84G;
				INFOPLIST_FILE = RxTodoTests/Info.plist;
				LD_RUNPATH_SEARCH_PATHS = (
					"$(inherited)",
					"@executable_path/Frameworks",
					"@loader_path/Frameworks",
				);
				PRODUCT_BUNDLE_IDENTIFIER = com.byeonggeun.son.practice.RxTodoTests;
				PRODUCT_NAME = "$(TARGET_NAME)";
				SWIFT_OBJC_BRIDGING_HEADER = "RxTodoTests/Sources/Mock/RxTodoTests-Bridging-Header.h";
				SWIFT_OPTIMIZATION_LEVEL = "-Onone";
				SWIFT_VERSION = 5.0;
				TARGETED_DEVICE_FAMILY = "1,2";
				TEST_HOST = "$(BUILT_PRODUCTS_DIR)/RxTodo.app/RxTodo";
			};
			name = Debug;
		};
		AACCAE0E264FBC3B005C9FBC /* Release */ = {
			isa = XCBuildConfiguration;
			baseConfigurationReference = A7D45E5DB34DFC10357E72CE /* Pods-RxTodo-RxTodoTests.release.xcconfig */;
			buildSettings = {
				BUNDLE_LOADER = "$(TEST_HOST)";
				CLANG_ENABLE_MODULES = YES;
				CODE_SIGN_STYLE = Automatic;
				DEVELOPMENT_TEAM = 97C96KP84G;
				INFOPLIST_FILE = RxTodoTests/Info.plist;
				LD_RUNPATH_SEARCH_PATHS = (
					"$(inherited)",
					"@executable_path/Frameworks",
					"@loader_path/Frameworks",
				);
				PRODUCT_BUNDLE_IDENTIFIER = com.byeonggeun.son.practice.RxTodoTests;
				PRODUCT_NAME = "$(TARGET_NAME)";
				SWIFT_OBJC_BRIDGING_HEADER = "RxTodoTests/Sources/Mock/RxTodoTests-Bridging-Header.h";
				SWIFT_VERSION = 5.0;
				TARGETED_DEVICE_FAMILY = "1,2";
				TEST_HOST = "$(BUILT_PRODUCTS_DIR)/RxTodo.app/RxTodo";
			};
			name = Release;
		};
/* End XCBuildConfiguration section */

/* Begin XCConfigurationList section */
		AACCADCD264FB9C3005C9FBC /* Build configuration list for PBXProject "RxTodo" */ = {
			isa = XCConfigurationList;
			buildConfigurations = (
				AACCADE4264FB9C4005C9FBC /* Debug */,
				AACCADE5264FB9C4005C9FBC /* Release */,
			);
			defaultConfigurationIsVisible = 0;
			defaultConfigurationName = Release;
		};
		AACCADE6264FB9C4005C9FBC /* Build configuration list for PBXNativeTarget "RxTodo" */ = {
			isa = XCConfigurationList;
			buildConfigurations = (
				AACCADE7264FB9C4005C9FBC /* Debug */,
				AACCADE8264FB9C4005C9FBC /* Release */,
			);
			defaultConfigurationIsVisible = 0;
			defaultConfigurationName = Release;
		};
		AACCAE0C264FBC3B005C9FBC /* Build configuration list for PBXNativeTarget "RxTodoTests" */ = {
			isa = XCConfigurationList;
			buildConfigurations = (
				AACCAE0D264FBC3B005C9FBC /* Debug */,
				AACCAE0E264FBC3B005C9FBC /* Release */,
			);
			defaultConfigurationIsVisible = 0;
			defaultConfigurationName = Release;
		};
/* End XCConfigurationList section */
	};
	rootObject = AACCADCA264FB9C3005C9FBC /* Project object */;
}
